// !$*UTF8*$!
{
	archiveVersion = 1;
	classes = {
	};
	objectVersion = 46;
	objects = {

/* Begin PBXBuildFile section */
		4A119AD31D98A82E00672D79 /* AppDelegate.swift in Sources */ = {isa = PBXBuildFile; fileRef = 4A119AD21D98A82E00672D79 /* AppDelegate.swift */; };
		4A119AD51D98A82E00672D79 /* ViewController.swift in Sources */ = {isa = PBXBuildFile; fileRef = 4A119AD41D98A82E00672D79 /* ViewController.swift */; };
		4A119AD81D98A82E00672D79 /* Main.storyboard in Resources */ = {isa = PBXBuildFile; fileRef = 4A119AD61D98A82E00672D79 /* Main.storyboard */; };
		4A119ADA1D98A82E00672D79 /* Assets.xcassets in Resources */ = {isa = PBXBuildFile; fileRef = 4A119AD91D98A82E00672D79 /* Assets.xcassets */; };
		4A119ADD1D98A82E00672D79 /* LaunchScreen.storyboard in Resources */ = {isa = PBXBuildFile; fileRef = 4A119ADB1D98A82E00672D79 /* LaunchScreen.storyboard */; };
		4A119AE51D98A85B00672D79 /* PaperView.swift in Sources */ = {isa = PBXBuildFile; fileRef = 4A119AE41D98A85B00672D79 /* PaperView.swift */; };
		4A41E3AD1E2850F100B32A19 /* DraggableIcon.swift in Sources */ = {isa = PBXBuildFile; fileRef = 4A41E3AC1E2850F100B32A19 /* DraggableIcon.swift */; };
		4A41E3AF1E2A92EF00B32A19 /* LinkSearchModalViewController.swift in Sources */ = {isa = PBXBuildFile; fileRef = 4A41E3AE1E2A92EF00B32A19 /* LinkSearchModalViewController.swift */; };
		4A41E3B71E2EF46C00B32A19 /* LinkSearchController.swift in Sources */ = {isa = PBXBuildFile; fileRef = 4A41E3B61E2EF46C00B32A19 /* LinkSearchController.swift */; };
		4A41E3B91E2EF48100B32A19 /* LinkSearchBar.swift in Sources */ = {isa = PBXBuildFile; fileRef = 4A41E3B81E2EF48100B32A19 /* LinkSearchBar.swift */; };
		4A41E3BB1E39741700B32A19 /* LinkTableViewController.swift in Sources */ = {isa = PBXBuildFile; fileRef = 4A41E3BA1E39741700B32A19 /* LinkTableViewController.swift */; };
		4A41E3C11E3984DB00B32A19 /* Link.swift in Sources */ = {isa = PBXBuildFile; fileRef = 4A41E3C01E3984DB00B32A19 /* Link.swift */; };
		4A4F123A1DA46F8700A6F25E /* PaperBackgroundView.swift in Sources */ = {isa = PBXBuildFile; fileRef = 4A4F12391DA46F8700A6F25E /* PaperBackgroundView.swift */; };
		4A8BD49D1DED1FA1000C8A44 /* CoreData.framework in Frameworks */ = {isa = PBXBuildFile; fileRef = 4A8BD49C1DED1FA1000C8A44 /* CoreData.framework */; };
		4A8BD4A11DED2110000C8A44 /* Index.xcdatamodeld in Sources */ = {isa = PBXBuildFile; fileRef = 4A8BD49F1DED2110000C8A44 /* Index.xcdatamodeld */; };
		4A962B671DA1ABFE0015B4B1 /* PaperScrollView.swift in Sources */ = {isa = PBXBuildFile; fileRef = 4A962B661DA1ABFE0015B4B1 /* PaperScrollView.swift */; };
		4ADD54A51E3D3B090037BD8C /* Links.swift in Sources */ = {isa = PBXBuildFile; fileRef = 4ADD54A41E3D3B090037BD8C /* Links.swift */; };
		4AF0A15C1E19B44C00954218 /* IndexTableViewController.swift in Sources */ = {isa = PBXBuildFile; fileRef = 4AF0A15B1E19B44C00954218 /* IndexTableViewController.swift */; };
/* End PBXBuildFile section */

/* Begin PBXFileReference section */
		4A119ACF1D98A82E00672D79 /* Index.app */ = {isa = PBXFileReference; explicitFileType = wrapper.application; includeInIndex = 0; path = Index.app; sourceTree = BUILT_PRODUCTS_DIR; };
		4A119AD21D98A82E00672D79 /* AppDelegate.swift */ = {isa = PBXFileReference; lastKnownFileType = sourcecode.swift; path = AppDelegate.swift; sourceTree = "<group>"; };
		4A119AD41D98A82E00672D79 /* ViewController.swift */ = {isa = PBXFileReference; lastKnownFileType = sourcecode.swift; path = ViewController.swift; sourceTree = "<group>"; };
		4A119AD71D98A82E00672D79 /* Base */ = {isa = PBXFileReference; lastKnownFileType = file.storyboard; name = Base; path = Base.lproj/Main.storyboard; sourceTree = "<group>"; };
		4A119AD91D98A82E00672D79 /* Assets.xcassets */ = {isa = PBXFileReference; lastKnownFileType = folder.assetcatalog; path = Assets.xcassets; sourceTree = "<group>"; };
		4A119ADC1D98A82E00672D79 /* Base */ = {isa = PBXFileReference; lastKnownFileType = file.storyboard; name = Base; path = Base.lproj/LaunchScreen.storyboard; sourceTree = "<group>"; };
		4A119ADE1D98A82E00672D79 /* Info.plist */ = {isa = PBXFileReference; lastKnownFileType = text.plist.xml; path = Info.plist; sourceTree = "<group>"; };
		4A119AE41D98A85B00672D79 /* PaperView.swift */ = {isa = PBXFileReference; fileEncoding = 4; lastKnownFileType = sourcecode.swift; path = PaperView.swift; sourceTree = "<group>"; };
		4A41E3AC1E2850F100B32A19 /* DraggableIcon.swift */ = {isa = PBXFileReference; fileEncoding = 4; lastKnownFileType = sourcecode.swift; path = DraggableIcon.swift; sourceTree = "<group>"; };
		4A41E3AE1E2A92EF00B32A19 /* LinkSearchModalViewController.swift */ = {isa = PBXFileReference; fileEncoding = 4; lastKnownFileType = sourcecode.swift; path = LinkSearchModalViewController.swift; sourceTree = "<group>"; };
		4A41E3B61E2EF46C00B32A19 /* LinkSearchController.swift */ = {isa = PBXFileReference; fileEncoding = 4; lastKnownFileType = sourcecode.swift; path = LinkSearchController.swift; sourceTree = "<group>"; };
		4A41E3B81E2EF48100B32A19 /* LinkSearchBar.swift */ = {isa = PBXFileReference; fileEncoding = 4; lastKnownFileType = sourcecode.swift; path = LinkSearchBar.swift; sourceTree = "<group>"; };
		4A41E3BA1E39741700B32A19 /* LinkTableViewController.swift */ = {isa = PBXFileReference; fileEncoding = 4; lastKnownFileType = sourcecode.swift; path = LinkTableViewController.swift; sourceTree = "<group>"; };
		4A41E3C01E3984DB00B32A19 /* Link.swift */ = {isa = PBXFileReference; fileEncoding = 4; lastKnownFileType = sourcecode.swift; path = Link.swift; sourceTree = "<group>"; };
		4A4F12391DA46F8700A6F25E /* PaperBackgroundView.swift */ = {isa = PBXFileReference; fileEncoding = 4; lastKnownFileType = sourcecode.swift; path = PaperBackgroundView.swift; sourceTree = "<group>"; };
		4A8BD49C1DED1FA1000C8A44 /* CoreData.framework */ = {isa = PBXFileReference; lastKnownFileType = wrapper.framework; name = CoreData.framework; path = System/Library/Frameworks/CoreData.framework; sourceTree = SDKROOT; };
		4A8BD4A01DED2110000C8A44 /* Index.xcdatamodel */ = {isa = PBXFileReference; lastKnownFileType = wrapper.xcdatamodel; path = Index.xcdatamodel; sourceTree = "<group>"; };
		4A962B661DA1ABFE0015B4B1 /* PaperScrollView.swift */ = {isa = PBXFileReference; fileEncoding = 4; lastKnownFileType = sourcecode.swift; path = PaperScrollView.swift; sourceTree = "<group>"; };
		4ADD54A41E3D3B090037BD8C /* Links.swift */ = {isa = PBXFileReference; fileEncoding = 4; lastKnownFileType = sourcecode.swift; path = Links.swift; sourceTree = "<group>"; };
		4AF0A15B1E19B44C00954218 /* IndexTableViewController.swift */ = {isa = PBXFileReference; fileEncoding = 4; lastKnownFileType = sourcecode.swift; path = IndexTableViewController.swift; sourceTree = "<group>"; };
/* End PBXFileReference section */

/* Begin PBXFrameworksBuildPhase section */
		4A119ACC1D98A82E00672D79 /* Frameworks */ = {
			isa = PBXFrameworksBuildPhase;
			buildActionMask = 2147483647;
			files = (
				4A8BD49D1DED1FA1000C8A44 /* CoreData.framework in Frameworks */,
			);
			runOnlyForDeploymentPostprocessing = 0;
		};
/* End PBXFrameworksBuildPhase section */

/* Begin PBXGroup section */
		4A119AC61D98A82E00672D79 = {
			isa = PBXGroup;
			children = (
				4A119AD11D98A82E00672D79 /* Index */,
				4A119AD01D98A82E00672D79 /* Products */,
				4A8BD49B1DED1FA1000C8A44 /* Frameworks */,
			);
			sourceTree = "<group>";
		};
		4A119AD01D98A82E00672D79 /* Products */ = {
			isa = PBXGroup;
			children = (
				4A119ACF1D98A82E00672D79 /* Index.app */,
			);
			name = Products;
			sourceTree = "<group>";
		};
		4A119AD11D98A82E00672D79 /* Index */ = {
			isa = PBXGroup;
			children = (
				4A41E3B51E2EF3EE00B32A19 /* LinkSearch */,
				4A8BD49E1DED1FE6000C8A44 /* CoreData */,
				4A119AD21D98A82E00672D79 /* AppDelegate.swift */,
				4A119AD41D98A82E00672D79 /* ViewController.swift */,
				4A119AE41D98A85B00672D79 /* PaperView.swift */,
				4A962B661DA1ABFE0015B4B1 /* PaperScrollView.swift */,
				4A4F12391DA46F8700A6F25E /* PaperBackgroundView.swift */,
				4AF0A15B1E19B44C00954218 /* IndexTableViewController.swift */,
				4A119AD61D98A82E00672D79 /* Main.storyboard */,
				4A119AD91D98A82E00672D79 /* Assets.xcassets */,
				4A119ADB1D98A82E00672D79 /* LaunchScreen.storyboard */,
				4A119ADE1D98A82E00672D79 /* Info.plist */,
				4A8BD49F1DED2110000C8A44 /* Index.xcdatamodeld */,
				4A41E3AC1E2850F100B32A19 /* DraggableIcon.swift */,
			);
			path = Index;
			sourceTree = "<group>";
		};
		4A41E3B51E2EF3EE00B32A19 /* LinkSearch */ = {
			isa = PBXGroup;
			children = (
				4A41E3AE1E2A92EF00B32A19 /* LinkSearchModalViewController.swift */,
				4A41E3BA1E39741700B32A19 /* LinkTableViewController.swift */,
				4A41E3B61E2EF46C00B32A19 /* LinkSearchController.swift */,
				4A41E3B81E2EF48100B32A19 /* LinkSearchBar.swift */,
				4A41E3C01E3984DB00B32A19 /* Link.swift */,
				4ADD54A41E3D3B090037BD8C /* Links.swift */,
			);
			name = LinkSearch;
			sourceTree = "<group>";
		};
		4A8BD49B1DED1FA1000C8A44 /* Frameworks */ = {
			isa = PBXGroup;
			children = (
				4A8BD49C1DED1FA1000C8A44 /* CoreData.framework */,
			);
			name = Frameworks;
			sourceTree = "<group>";
		};
		4A8BD49E1DED1FE6000C8A44 /* CoreData */ = {
			isa = PBXGroup;
			children = (
			);
			name = CoreData;
			sourceTree = "<group>";
		};
/* End PBXGroup section */

/* Begin PBXNativeTarget section */
		4A119ACE1D98A82E00672D79 /* Index */ = {
			isa = PBXNativeTarget;
			buildConfigurationList = 4A119AE11D98A82E00672D79 /* Build configuration list for PBXNativeTarget "Index" */;
			buildPhases = (
				4A119ACB1D98A82E00672D79 /* Sources */,
				4A119ACC1D98A82E00672D79 /* Frameworks */,
				4A119ACD1D98A82E00672D79 /* Resources */,
			);
			buildRules = (
			);
			dependencies = (
			);
			name = Index;
			productName = Index;
			productReference = 4A119ACF1D98A82E00672D79 /* Index.app */;
			productType = "com.apple.product-type.application";
		};
/* End PBXNativeTarget section */

/* Begin PBXProject section */
		4A119AC71D98A82E00672D79 /* Project object */ = {
			isa = PBXProject;
			attributes = {
				LastSwiftUpdateCheck = 0800;
				LastUpgradeCheck = 0810;
				ORGANIZATIONNAME = "Brian Budge";
				TargetAttributes = {
					4A119ACE1D98A82E00672D79 = {
						CreatedOnToolsVersion = 8.0;
						DevelopmentTeam = 4BSY6L9H8Z;
						ProvisioningStyle = Automatic;
					};
				};
			};
			buildConfigurationList = 4A119ACA1D98A82E00672D79 /* Build configuration list for PBXProject "Index" */;
			compatibilityVersion = "Xcode 3.2";
			developmentRegion = English;
			hasScannedForEncodings = 0;
			knownRegions = (
				en,
				Base,
			);
			mainGroup = 4A119AC61D98A82E00672D79;
			productRefGroup = 4A119AD01D98A82E00672D79 /* Products */;
			projectDirPath = "";
			projectRoot = "";
			targets = (
				4A119ACE1D98A82E00672D79 /* Index */,
			);
		};
/* End PBXProject section */

/* Begin PBXResourcesBuildPhase section */
		4A119ACD1D98A82E00672D79 /* Resources */ = {
			isa = PBXResourcesBuildPhase;
			buildActionMask = 2147483647;
			files = (
				4A119ADD1D98A82E00672D79 /* LaunchScreen.storyboard in Resources */,
				4A119ADA1D98A82E00672D79 /* Assets.xcassets in Resources */,
				4A119AD81D98A82E00672D79 /* Main.storyboard in Resources */,
			);
			runOnlyForDeploymentPostprocessing = 0;
		};
/* End PBXResourcesBuildPhase section */

/* Begin PBXSourcesBuildPhase section */
		4A119ACB1D98A82E00672D79 /* Sources */ = {
			isa = PBXSourcesBuildPhase;
			buildActionMask = 2147483647;
			files = (
				4A41E3B91E2EF48100B32A19 /* LinkSearchBar.swift in Sources */,
				4A962B671DA1ABFE0015B4B1 /* PaperScrollView.swift in Sources */,
				4A119AD51D98A82E00672D79 /* ViewController.swift in Sources */,
				4A119AD31D98A82E00672D79 /* AppDelegate.swift in Sources */,
				4A41E3AD1E2850F100B32A19 /* DraggableIcon.swift in Sources */,
				4A41E3C11E3984DB00B32A19 /* Link.swift in Sources */,
				4A41E3BB1E39741700B32A19 /* LinkTableViewController.swift in Sources */,
				4A4F123A1DA46F8700A6F25E /* PaperBackgroundView.swift in Sources */,
				4A119AE51D98A85B00672D79 /* PaperView.swift in Sources */,
				4AF0A15C1E19B44C00954218 /* IndexTableViewController.swift in Sources */,
				4A41E3AF1E2A92EF00B32A19 /* LinkSearchModalViewController.swift in Sources */,
				4ADD54A51E3D3B090037BD8C /* Links.swift in Sources */,
				4A8BD4A11DED2110000C8A44 /* Index.xcdatamodeld in Sources */,
				4A41E3B71E2EF46C00B32A19 /* LinkSearchController.swift in Sources */,
			);
			runOnlyForDeploymentPostprocessing = 0;
		};
/* End PBXSourcesBuildPhase section */

/* Begin PBXVariantGroup section */
		4A119AD61D98A82E00672D79 /* Main.storyboard */ = {
			isa = PBXVariantGroup;
			children = (
				4A119AD71D98A82E00672D79 /* Base */,
			);
			name = Main.storyboard;
			sourceTree = "<group>";
		};
		4A119ADB1D98A82E00672D79 /* LaunchScreen.storyboard */ = {
			isa = PBXVariantGroup;
			children = (
				4A119ADC1D98A82E00672D79 /* Base */,
			);
			name = LaunchScreen.storyboard;
			sourceTree = "<group>";
		};
/* End PBXVariantGroup section */

/* Begin XCBuildConfiguration section */
		4A119ADF1D98A82E00672D79 /* Debug */ = {
			isa = XCBuildConfiguration;
			buildSettings = {
				ALWAYS_SEARCH_USER_PATHS = NO;
				CLANG_ANALYZER_NONNULL = YES;
				CLANG_CXX_LANGUAGE_STANDARD = "gnu++0x";
				CLANG_CXX_LIBRARY = "libc++";
				CLANG_ENABLE_MODULES = YES;
				CLANG_ENABLE_OBJC_ARC = YES;
				CLANG_WARN_BOOL_CONVERSION = YES;
				CLANG_WARN_CONSTANT_CONVERSION = YES;
				CLANG_WARN_DIRECT_OBJC_ISA_USAGE = YES_ERROR;
				CLANG_WARN_DOCUMENTATION_COMMENTS = YES;
				CLANG_WARN_EMPTY_BODY = YES;
				CLANG_WARN_ENUM_CONVERSION = YES;
				CLANG_WARN_INFINITE_RECURSION = YES;
				CLANG_WARN_INT_CONVERSION = YES;
				CLANG_WARN_OBJC_ROOT_CLASS = YES_ERROR;
				CLANG_WARN_SUSPICIOUS_MOVE = YES;
				CLANG_WARN_SUSPICIOUS_MOVES = YES;
				CLANG_WARN_UNREACHABLE_CODE = YES;
				CLANG_WARN__DUPLICATE_METHOD_MATCH = YES;
				"CODE_SIGN_IDENTITY[sdk=iphoneos*]" = "iPhone Developer";
				COPY_PHASE_STRIP = NO;
				DEBUG_INFORMATION_FORMAT = dwarf;
				ENABLE_STRICT_OBJC_MSGSEND = YES;
				ENABLE_TESTABILITY = YES;
				GCC_C_LANGUAGE_STANDARD = gnu99;
				GCC_DYNAMIC_NO_PIC = NO;
				GCC_NO_COMMON_BLOCKS = YES;
				GCC_OPTIMIZATION_LEVEL = 0;
				GCC_PREPROCESSOR_DEFINITIONS = (
					"DEBUG=1",
					"$(inherited)",
				);
				GCC_WARN_64_TO_32_BIT_CONVERSION = YES;
				GCC_WARN_ABOUT_RETURN_TYPE = YES_ERROR;
				GCC_WARN_UNDECLARED_SELECTOR = YES;
				GCC_WARN_UNINITIALIZED_AUTOS = YES_AGGRESSIVE;
				GCC_WARN_UNUSED_FUNCTION = YES;
				GCC_WARN_UNUSED_VARIABLE = YES;
				IPHONEOS_DEPLOYMENT_TARGET = 10.0;
				MTL_ENABLE_DEBUG_INFO = YES;
				ONLY_ACTIVE_ARCH = YES;
				SDKROOT = iphoneos;
				SWIFT_ACTIVE_COMPILATION_CONDITIONS = DEBUG;
				SWIFT_OPTIMIZATION_LEVEL = "-Onone";
				TARGETED_DEVICE_FAMILY = 2;
			};
			name = Debug;
		};
		4A119AE01D98A82E00672D79 /* Release */ = {
			isa = XCBuildConfiguration;
			buildSettings = {
				ALWAYS_SEARCH_USER_PATHS = NO;
				CLANG_ANALYZER_NONNULL = YES;
				CLANG_CXX_LANGUAGE_STANDARD = "gnu++0x";
				CLANG_CXX_LIBRARY = "libc++";
				CLANG_ENABLE_MODULES = YES;
				CLANG_ENABLE_OBJC_ARC = YES;
				CLANG_WARN_BOOL_CONVERSION = YES;
				CLANG_WARN_CONSTANT_CONVERSION = YES;
				CLANG_WARN_DIRECT_OBJC_ISA_USAGE = YES_ERROR;
				CLANG_WARN_DOCUMENTATION_COMMENTS = YES;
				CLANG_WARN_EMPTY_BODY = YES;
				CLANG_WARN_ENUM_CONVERSION = YES;
				CLANG_WARN_INFINITE_RECURSION = YES;
				CLANG_WARN_INT_CONVERSION = YES;
				CLANG_WARN_OBJC_ROOT_CLASS = YES_ERROR;
				CLANG_WARN_SUSPICIOUS_MOVE = YES;
				CLANG_WARN_SUSPICIOUS_MOVES = YES;
				CLANG_WARN_UNREACHABLE_CODE = YES;
				CLANG_WARN__DUPLICATE_METHOD_MATCH = YES;
				"CODE_SIGN_IDENTITY[sdk=iphoneos*]" = "iPhone Developer";
				COPY_PHASE_STRIP = NO;
				DEBUG_INFORMATION_FORMAT = "dwarf-with-dsym";
				ENABLE_NS_ASSERTIONS = NO;
				ENABLE_STRICT_OBJC_MSGSEND = YES;
				GCC_C_LANGUAGE_STANDARD = gnu99;
				GCC_NO_COMMON_BLOCKS = YES;
				GCC_WARN_64_TO_32_BIT_CONVERSION = YES;
				GCC_WARN_ABOUT_RETURN_TYPE = YES_ERROR;
				GCC_WARN_UNDECLARED_SELECTOR = YES;
				GCC_WARN_UNINITIALIZED_AUTOS = YES_AGGRESSIVE;
				GCC_WARN_UNUSED_FUNCTION = YES;
				GCC_WARN_UNUSED_VARIABLE = YES;
				IPHONEOS_DEPLOYMENT_TARGET = 10.0;
				MTL_ENABLE_DEBUG_INFO = NO;
				SDKROOT = iphoneos;
				SWIFT_OPTIMIZATION_LEVEL = "-Owholemodule";
				TARGETED_DEVICE_FAMILY = 2;
				VALIDATE_PRODUCT = YES;
			};
			name = Release;
		};
		4A119AE21D98A82E00672D79 /* Debug */ = {
			isa = XCBuildConfiguration;
			buildSettings = {
				ASSETCATALOG_COMPILER_APPICON_NAME = AppIcon;
				DEVELOPMENT_TEAM = 4BSY6L9H8Z;
				INFOPLIST_FILE = Index/Info.plist;
				IPHONEOS_DEPLOYMENT_TARGET = 10.0;
				LD_RUNPATH_SEARCH_PATHS = "$(inherited) @executable_path/Frameworks";
				PRODUCT_BUNDLE_IDENTIFIER = com.budge.Index;
				PRODUCT_NAME = "$(TARGET_NAME)";
				SWIFT_VERSION = 3.0;
			};
			name = Debug;
		};
		4A119AE31D98A82E00672D79 /* Release */ = {
			isa = XCBuildConfiguration;
			buildSettings = {
				ASSETCATALOG_COMPILER_APPICON_NAME = AppIcon;
				DEVELOPMENT_TEAM = 4BSY6L9H8Z;
				INFOPLIST_FILE = Index/Info.plist;
				IPHONEOS_DEPLOYMENT_TARGET = 10.0;
				LD_RUNPATH_SEARCH_PATHS = "$(inherited) @executable_path/Frameworks";
				PRODUCT_BUNDLE_IDENTIFIER = com.budge.Index;
				PRODUCT_NAME = "$(TARGET_NAME)";
				SWIFT_VERSION = 3.0;
			};
			name = Release;
		};
/* End XCBuildConfiguration section */

/* Begin XCConfigurationList section */
		4A119ACA1D98A82E00672D79 /* Build configuration list for PBXProject "Index" */ = {
			isa = XCConfigurationList;
			buildConfigurations = (
				4A119ADF1D98A82E00672D79 /* Debug */,
				4A119AE01D98A82E00672D79 /* Release */,
			);
			defaultConfigurationIsVisible = 0;
			defaultConfigurationName = Release;
		};
		4A119AE11D98A82E00672D79 /* Build configuration list for PBXNativeTarget "Index" */ = {
			isa = XCConfigurationList;
			buildConfigurations = (
				4A119AE21D98A82E00672D79 /* Debug */,
				4A119AE31D98A82E00672D79 /* Release */,
			);
			defaultConfigurationIsVisible = 0;
			defaultConfigurationName = Release;
		};
/* End XCConfigurationList section */

/* Begin XCVersionGroup section */
		4A8BD49F1DED2110000C8A44 /* Index.xcdatamodeld */ = {
			isa = XCVersionGroup;
			children = (
				4A8BD4A01DED2110000C8A44 /* Index.xcdatamodel */,
			);
			currentVersion = 4A8BD4A01DED2110000C8A44 /* Index.xcdatamodel */;
			path = Index.xcdatamodeld;
			sourceTree = "<group>";
			versionGroupType = wrapper.xcdatamodel;
		};
/* End XCVersionGroup section */
	};
	rootObject = 4A119AC71D98A82E00672D79 /* Project object */;
}
